// !$*UTF8*$!
{
	archiveVersion = 1;
	classes = {
	};
	objectVersion = 46;
	objects = {

/* Begin PBXBuildFile section */
		1719ADEF1AF51A78008EC615 /* images in Resources */ = {isa = PBXBuildFile; fileRef = 1719ADEE1AF51A78008EC615 /* images */; };
		172DEE191B2BE1EC00708A9A /* Fabric.framework in Frameworks */ = {isa = PBXBuildFile; fileRef = 172DEE171B2BE1EC00708A9A /* Fabric.framework */; };
		172DEE1A1B2BE1EC00708A9A /* Crashlytics.framework in Frameworks */ = {isa = PBXBuildFile; fileRef = 172DEE181B2BE1EC00708A9A /* Crashlytics.framework */; };
		177460271B25D23E00D619F5 /* CustomTabBarButton.m in Sources */ = {isa = PBXBuildFile; fileRef = 177460261B25D23E00D619F5 /* CustomTabBarButton.m */; };
		17C8B2A91ADFADC1008A6EEA /* main.m in Sources */ = {isa = PBXBuildFile; fileRef = 17C8B2A81ADFADC1008A6EEA /* main.m */; };
		17C8B2AC1ADFADC1008A6EEA /* AppDelegate.m in Sources */ = {isa = PBXBuildFile; fileRef = 17C8B2AB1ADFADC1008A6EEA /* AppDelegate.m */; };
		17C8B2AF1ADFADC1008A6EEA /* ViewController.m in Sources */ = {isa = PBXBuildFile; fileRef = 17C8B2AE1ADFADC1008A6EEA /* ViewController.m */; };
		17C8B2B21ADFADC1008A6EEA /* Main.storyboard in Resources */ = {isa = PBXBuildFile; fileRef = 17C8B2B01ADFADC1008A6EEA /* Main.storyboard */; };
		17C8B2B41ADFADC1008A6EEA /* Images.xcassets in Resources */ = {isa = PBXBuildFile; fileRef = 17C8B2B31ADFADC1008A6EEA /* Images.xcassets */; };
		17C8B2B71ADFADC1008A6EEA /* LaunchScreen.xib in Resources */ = {isa = PBXBuildFile; fileRef = 17C8B2B51ADFADC1008A6EEA /* LaunchScreen.xib */; };
		17C8B2C31ADFADC1008A6EEA /* testTests.m in Sources */ = {isa = PBXBuildFile; fileRef = 17C8B2C21ADFADC1008A6EEA /* testTests.m */; };
		60C33B67F519AB8078329914 /* libPods.a in Frameworks */ = {isa = PBXBuildFile; fileRef = 2D209DE49BED84BD88EA6680 /* libPods.a */; };
/* End PBXBuildFile section */

/* Begin PBXContainerItemProxy section */
		17C8B2BD1ADFADC1008A6EEA /* PBXContainerItemProxy */ = {
			isa = PBXContainerItemProxy;
			containerPortal = 17C8B29B1ADFADC1008A6EEA /* Project object */;
			proxyType = 1;
			remoteGlobalIDString = 17C8B2A21ADFADC1008A6EEA;
			remoteInfo = test;
		};
/* End PBXContainerItemProxy section */

/* Begin PBXFileReference section */
		1719ADEE1AF51A78008EC615 /* images */ = {isa = PBXFileReference; lastKnownFileType = folder; name = images; path = ../images; sourceTree = "<group>"; };
		172DEE171B2BE1EC00708A9A /* Fabric.framework */ = {isa = PBXFileReference; lastKnownFileType = wrapper.framework; path = Fabric.framework; sourceTree = "<group>"; };
		172DEE181B2BE1EC00708A9A /* Crashlytics.framework */ = {isa = PBXFileReference; lastKnownFileType = wrapper.framework; path = Crashlytics.framework; sourceTree = "<group>"; };
		177460251B25D23E00D619F5 /* CustomTabBarButton.h */ = {isa = PBXFileReference; fileEncoding = 4; lastKnownFileType = sourcecode.c.h; path = CustomTabBarButton.h; sourceTree = "<group>"; };
		177460261B25D23E00D619F5 /* CustomTabBarButton.m */ = {isa = PBXFileReference; fileEncoding = 4; lastKnownFileType = sourcecode.c.objc; path = CustomTabBarButton.m; sourceTree = "<group>"; };
		17C8B2A31ADFADC1008A6EEA /* test.app */ = {isa = PBXFileReference; explicitFileType = wrapper.application; includeInIndex = 0; path = test.app; sourceTree = BUILT_PRODUCTS_DIR; };
		17C8B2A71ADFADC1008A6EEA /* Info.plist */ = {isa = PBXFileReference; lastKnownFileType = text.plist.xml; path = Info.plist; sourceTree = "<group>"; };
		17C8B2A81ADFADC1008A6EEA /* main.m */ = {isa = PBXFileReference; lastKnownFileType = sourcecode.c.objc; path = main.m; sourceTree = "<group>"; };
		17C8B2AA1ADFADC1008A6EEA /* AppDelegate.h */ = {isa = PBXFileReference; lastKnownFileType = sourcecode.c.h; path = AppDelegate.h; sourceTree = "<group>"; };
		17C8B2AB1ADFADC1008A6EEA /* AppDelegate.m */ = {isa = PBXFileReference; lastKnownFileType = sourcecode.c.objc; path = AppDelegate.m; sourceTree = "<group>"; };
		17C8B2AD1ADFADC1008A6EEA /* ViewController.h */ = {isa = PBXFileReference; lastKnownFileType = sourcecode.c.h; path = ViewController.h; sourceTree = "<group>"; };
		17C8B2AE1ADFADC1008A6EEA /* ViewController.m */ = {isa = PBXFileReference; lastKnownFileType = sourcecode.c.objc; path = ViewController.m; sourceTree = "<group>"; };
		17C8B2B11ADFADC1008A6EEA /* Base */ = {isa = PBXFileReference; lastKnownFileType = file.storyboard; name = Base; path = Base.lproj/Main.storyboard; sourceTree = "<group>"; };
		17C8B2B31ADFADC1008A6EEA /* Images.xcassets */ = {isa = PBXFileReference; lastKnownFileType = folder.assetcatalog; path = Images.xcassets; sourceTree = "<group>"; };
		17C8B2B61ADFADC1008A6EEA /* Base */ = {isa = PBXFileReference; lastKnownFileType = file.xib; name = Base; path = Base.lproj/LaunchScreen.xib; sourceTree = "<group>"; };
		17C8B2BC1ADFADC1008A6EEA /* testTests.xctest */ = {isa = PBXFileReference; explicitFileType = wrapper.cfbundle; includeInIndex = 0; path = testTests.xctest; sourceTree = BUILT_PRODUCTS_DIR; };
		17C8B2C11ADFADC1008A6EEA /* Info.plist */ = {isa = PBXFileReference; lastKnownFileType = text.plist.xml; path = Info.plist; sourceTree = "<group>"; };
		17C8B2C21ADFADC1008A6EEA /* testTests.m */ = {isa = PBXFileReference; lastKnownFileType = sourcecode.c.objc; path = testTests.m; sourceTree = "<group>"; };
		2D209DE49BED84BD88EA6680 /* libPods.a */ = {isa = PBXFileReference; explicitFileType = archive.ar; includeInIndex = 0; path = libPods.a; sourceTree = BUILT_PRODUCTS_DIR; };
		5B089EBE566ECA27685F0547 /* Pods.debug.xcconfig */ = {isa = PBXFileReference; includeInIndex = 1; lastKnownFileType = text.xcconfig; name = Pods.debug.xcconfig; path = "Pods/Target Support Files/Pods/Pods.debug.xcconfig"; sourceTree = "<group>"; };
		D65AC12CA915AAF501873946 /* Pods.release.xcconfig */ = {isa = PBXFileReference; includeInIndex = 1; lastKnownFileType = text.xcconfig; name = Pods.release.xcconfig; path = "Pods/Target Support Files/Pods/Pods.release.xcconfig"; sourceTree = "<group>"; };
/* End PBXFileReference section */

/* Begin PBXFrameworksBuildPhase section */
		17C8B2A01ADFADC1008A6EEA /* Frameworks */ = {
			isa = PBXFrameworksBuildPhase;
			buildActionMask = 2147483647;
			files = (
				60C33B67F519AB8078329914 /* libPods.a in Frameworks */,
				172DEE1A1B2BE1EC00708A9A /* Crashlytics.framework in Frameworks */,
				172DEE191B2BE1EC00708A9A /* Fabric.framework in Frameworks */,
			);
			runOnlyForDeploymentPostprocessing = 0;
		};
		17C8B2B91ADFADC1008A6EEA /* Frameworks */ = {
			isa = PBXFrameworksBuildPhase;
			buildActionMask = 2147483647;
			files = (
			);
			runOnlyForDeploymentPostprocessing = 0;
		};
/* End PBXFrameworksBuildPhase section */

/* Begin PBXGroup section */
		17C8B29A1ADFADC1008A6EEA = {
			isa = PBXGroup;
			children = (
				17C8B2A51ADFADC1008A6EEA /* test */,
				17C8B2BF1ADFADC1008A6EEA /* testTests */,
				17C8B2A41ADFADC1008A6EEA /* Products */,
				5272AFE67591B4E179823505 /* Pods */,
				1E399A0DE044F8AA51CE9089 /* Frameworks */,
			);
			sourceTree = "<group>";
		};
		17C8B2A41ADFADC1008A6EEA /* Products */ = {
			isa = PBXGroup;
			children = (
				17C8B2A31ADFADC1008A6EEA /* test.app */,
				17C8B2BC1ADFADC1008A6EEA /* testTests.xctest */,
			);
			name = Products;
			sourceTree = "<group>";
		};
		17C8B2A51ADFADC1008A6EEA /* test */ = {
			isa = PBXGroup;
			children = (
				172DEE171B2BE1EC00708A9A /* Fabric.framework */,
				172DEE181B2BE1EC00708A9A /* Crashlytics.framework */,
				1719ADEE1AF51A78008EC615 /* images */,
				17C8B2AA1ADFADC1008A6EEA /* AppDelegate.h */,
				17C8B2AB1ADFADC1008A6EEA /* AppDelegate.m */,
				17C8B2AD1ADFADC1008A6EEA /* ViewController.h */,
				17C8B2AE1ADFADC1008A6EEA /* ViewController.m */,
				17C8B2B01ADFADC1008A6EEA /* Main.storyboard */,
				17C8B2B31ADFADC1008A6EEA /* Images.xcassets */,
				17C8B2B51ADFADC1008A6EEA /* LaunchScreen.xib */,
				17C8B2A61ADFADC1008A6EEA /* Supporting Files */,
				177460251B25D23E00D619F5 /* CustomTabBarButton.h */,
				177460261B25D23E00D619F5 /* CustomTabBarButton.m */,
			);
			path = test;
			sourceTree = "<group>";
		};
		17C8B2A61ADFADC1008A6EEA /* Supporting Files */ = {
			isa = PBXGroup;
			children = (
				17C8B2A71ADFADC1008A6EEA /* Info.plist */,
				17C8B2A81ADFADC1008A6EEA /* main.m */,
			);
			name = "Supporting Files";
			sourceTree = "<group>";
		};
		17C8B2BF1ADFADC1008A6EEA /* testTests */ = {
			isa = PBXGroup;
			children = (
				17C8B2C21ADFADC1008A6EEA /* testTests.m */,
				17C8B2C01ADFADC1008A6EEA /* Supporting Files */,
			);
			path = testTests;
			sourceTree = "<group>";
		};
		17C8B2C01ADFADC1008A6EEA /* Supporting Files */ = {
			isa = PBXGroup;
			children = (
				17C8B2C11ADFADC1008A6EEA /* Info.plist */,
			);
			name = "Supporting Files";
			sourceTree = "<group>";
		};
		1E399A0DE044F8AA51CE9089 /* Frameworks */ = {
			isa = PBXGroup;
			children = (
				2D209DE49BED84BD88EA6680 /* libPods.a */,
			);
			name = Frameworks;
			sourceTree = "<group>";
		};
		5272AFE67591B4E179823505 /* Pods */ = {
			isa = PBXGroup;
			children = (
				5B089EBE566ECA27685F0547 /* Pods.debug.xcconfig */,
				D65AC12CA915AAF501873946 /* Pods.release.xcconfig */,
			);
			name = Pods;
			sourceTree = "<group>";
		};
/* End PBXGroup section */

/* Begin PBXNativeTarget section */
		17C8B2A21ADFADC1008A6EEA /* test */ = {
			isa = PBXNativeTarget;
			buildConfigurationList = 17C8B2C61ADFADC1008A6EEA /* Build configuration list for PBXNativeTarget "test" */;
			buildPhases = (
				2314C7A11253FE476C27D91A /* Check Pods Manifest.lock */,
				17C8B29F1ADFADC1008A6EEA /* Sources */,
				17C8B2A01ADFADC1008A6EEA /* Frameworks */,
				17C8B2A11ADFADC1008A6EEA /* Resources */,
				F4B53CD2FDDA72BEA3DB21DD /* Copy Pods Resources */,
				172DEE121B2BDD4600708A9A /* ShellScript */,
			);
			buildRules = (
			);
			dependencies = (
			);
			name = test;
			productName = test;
			productReference = 17C8B2A31ADFADC1008A6EEA /* test.app */;
			productType = "com.apple.product-type.application";
		};
		17C8B2BB1ADFADC1008A6EEA /* testTests */ = {
			isa = PBXNativeTarget;
			buildConfigurationList = 17C8B2C91ADFADC1008A6EEA /* Build configuration list for PBXNativeTarget "testTests" */;
			buildPhases = (
				17C8B2B81ADFADC1008A6EEA /* Sources */,
				17C8B2B91ADFADC1008A6EEA /* Frameworks */,
				17C8B2BA1ADFADC1008A6EEA /* Resources */,
			);
			buildRules = (
			);
			dependencies = (
				17C8B2BE1ADFADC1008A6EEA /* PBXTargetDependency */,
			);
			name = testTests;
			productName = testTests;
			productReference = 17C8B2BC1ADFADC1008A6EEA /* testTests.xctest */;
			productType = "com.apple.product-type.bundle.unit-test";
		};
/* End PBXNativeTarget section */

/* Begin PBXProject section */
		17C8B29B1ADFADC1008A6EEA /* Project object */ = {
			isa = PBXProject;
			attributes = {
				LastUpgradeCheck = 0630;
				ORGANIZATIONNAME = "李国强";
				TargetAttributes = {
					17C8B2A21ADFADC1008A6EEA = {
						CreatedOnToolsVersion = 6.3;
					};
					17C8B2BB1ADFADC1008A6EEA = {
						CreatedOnToolsVersion = 6.3;
						TestTargetID = 17C8B2A21ADFADC1008A6EEA;
					};
				};
			};
			buildConfigurationList = 17C8B29E1ADFADC1008A6EEA /* Build configuration list for PBXProject "test" */;
			compatibilityVersion = "Xcode 3.2";
			developmentRegion = English;
			hasScannedForEncodings = 0;
			knownRegions = (
				en,
				Base,
			);
			mainGroup = 17C8B29A1ADFADC1008A6EEA;
			productRefGroup = 17C8B2A41ADFADC1008A6EEA /* Products */;
			projectDirPath = "";
			projectRoot = "";
			targets = (
				17C8B2A21ADFADC1008A6EEA /* test */,
				17C8B2BB1ADFADC1008A6EEA /* testTests */,
			);
		};
/* End PBXProject section */

/* Begin PBXResourcesBuildPhase section */
		17C8B2A11ADFADC1008A6EEA /* Resources */ = {
			isa = PBXResourcesBuildPhase;
			buildActionMask = 2147483647;
			files = (
				1719ADEF1AF51A78008EC615 /* images in Resources */,
				17C8B2B21ADFADC1008A6EEA /* Main.storyboard in Resources */,
				17C8B2B71ADFADC1008A6EEA /* LaunchScreen.xib in Resources */,
				17C8B2B41ADFADC1008A6EEA /* Images.xcassets in Resources */,
			);
			runOnlyForDeploymentPostprocessing = 0;
		};
		17C8B2BA1ADFADC1008A6EEA /* Resources */ = {
			isa = PBXResourcesBuildPhase;
			buildActionMask = 2147483647;
			files = (
			);
			runOnlyForDeploymentPostprocessing = 0;
		};
/* End PBXResourcesBuildPhase section */

/* Begin PBXShellScriptBuildPhase section */
		172DEE121B2BDD4600708A9A /* ShellScript */ = {
			isa = PBXShellScriptBuildPhase;
			buildActionMask = 2147483647;
			files = (
			);
			inputPaths = (
			);
			outputPaths = (
			);
			runOnlyForDeploymentPostprocessing = 0;
			shellPath = /bin/sh;
			shellScript = "./Fabric.framework/run 3d762f5dce77257d374e1ff2d75d9ec873e5c5c3 1764e8780e26cd0306d2abc89560f6909b98b482bb957a1a31f0b2b397ff9c22";
		};
		2314C7A11253FE476C27D91A /* Check Pods Manifest.lock */ = {
			isa = PBXShellScriptBuildPhase;
			buildActionMask = 2147483647;
			files = (
			);
			inputPaths = (
			);
			name = "Check Pods Manifest.lock";
			outputPaths = (
			);
			runOnlyForDeploymentPostprocessing = 0;
			shellPath = /bin/sh;
			shellScript = "diff \"${PODS_ROOT}/../Podfile.lock\" \"${PODS_ROOT}/Manifest.lock\" > /dev/null\nif [[ $? != 0 ]] ; then\n    cat << EOM\nerror: The sandbox is not in sync with the Podfile.lock. Run 'pod install' or update your CocoaPods installation.\nEOM\n    exit 1\nfi\n";
			showEnvVarsInLog = 0;
		};
		F4B53CD2FDDA72BEA3DB21DD /* Copy Pods Resources */ = {
			isa = PBXShellScriptBuildPhase;
			buildActionMask = 2147483647;
			files = (
			);
			inputPaths = (
			);
			name = "Copy Pods Resources";
			outputPaths = (
			);
			runOnlyForDeploymentPostprocessing = 0;
			shellPath = /bin/sh;
			shellScript = "\"${SRCROOT}/Pods/Target Support Files/Pods/Pods-resources.sh\"\n";
			showEnvVarsInLog = 0;
		};
/* End PBXShellScriptBuildPhase section */

/* Begin PBXSourcesBuildPhase section */
		17C8B29F1ADFADC1008A6EEA /* Sources */ = {
			isa = PBXSourcesBuildPhase;
			buildActionMask = 2147483647;
			files = (
				17C8B2AF1ADFADC1008A6EEA /* ViewController.m in Sources */,
				17C8B2AC1ADFADC1008A6EEA /* AppDelegate.m in Sources */,
				177460271B25D23E00D619F5 /* CustomTabBarButton.m in Sources */,
				17C8B2A91ADFADC1008A6EEA /* main.m in Sources */,
			);
			runOnlyForDeploymentPostprocessing = 0;
		};
		17C8B2B81ADFADC1008A6EEA /* Sources */ = {
			isa = PBXSourcesBuildPhase;
			buildActionMask = 2147483647;
			files = (
				17C8B2C31ADFADC1008A6EEA /* testTests.m in Sources */,
			);
			runOnlyForDeploymentPostprocessing = 0;
		};
/* End PBXSourcesBuildPhase section */

/* Begin PBXTargetDependency section */
		17C8B2BE1ADFADC1008A6EEA /* PBXTargetDependency */ = {
			isa = PBXTargetDependency;
			target = 17C8B2A21ADFADC1008A6EEA /* test */;
			targetProxy = 17C8B2BD1ADFADC1008A6EEA /* PBXContainerItemProxy */;
		};
/* End PBXTargetDependency section */

/* Begin PBXVariantGroup section */
		17C8B2B01ADFADC1008A6EEA /* Main.storyboard */ = {
			isa = PBXVariantGroup;
			children = (
				17C8B2B11ADFADC1008A6EEA /* Base */,
			);
			name = Main.storyboard;
			sourceTree = "<group>";
		};
		17C8B2B51ADFADC1008A6EEA /* LaunchScreen.xib */ = {
			isa = PBXVariantGroup;
			children = (
				17C8B2B61ADFADC1008A6EEA /* Base */,
			);
			name = LaunchScreen.xib;
			sourceTree = "<group>";
		};
/* End PBXVariantGroup section */

/* Begin XCBuildConfiguration section */
		17C8B2C41ADFADC1008A6EEA /* Debug */ = {
			isa = XCBuildConfiguration;
			buildSettings = {
				ALWAYS_SEARCH_USER_PATHS = NO;
				CLANG_CXX_LANGUAGE_STANDARD = "gnu++0x";
				CLANG_CXX_LIBRARY = "libc++";
				CLANG_ENABLE_MODULES = YES;
				CLANG_ENABLE_OBJC_ARC = YES;
				CLANG_WARN_BOOL_CONVERSION = YES;
				CLANG_WARN_CONSTANT_CONVERSION = YES;
				CLANG_WARN_DIRECT_OBJC_ISA_USAGE = YES_ERROR;
				CLANG_WARN_EMPTY_BODY = YES;
				CLANG_WARN_ENUM_CONVERSION = YES;
				CLANG_WARN_INT_CONVERSION = YES;
				CLANG_WARN_OBJC_ROOT_CLASS = YES_ERROR;
				CLANG_WARN_UNREACHABLE_CODE = YES;
				CLANG_WARN__DUPLICATE_METHOD_MATCH = YES;
				"CODE_SIGN_IDENTITY[sdk=iphoneos*]" = "iPhone Developer";
				COPY_PHASE_STRIP = NO;
				DEBUG_INFORMATION_FORMAT = "dwarf-with-dsym";
				ENABLE_STRICT_OBJC_MSGSEND = YES;
				GCC_C_LANGUAGE_STANDARD = gnu99;
				GCC_DYNAMIC_NO_PIC = NO;
				GCC_NO_COMMON_BLOCKS = YES;
				GCC_OPTIMIZATION_LEVEL = 0;
				GCC_PREPROCESSOR_DEFINITIONS = (
					"DEBUG=1",
					"$(inherited)",
				);
				GCC_SYMBOLS_PRIVATE_EXTERN = NO;
				GCC_WARN_64_TO_32_BIT_CONVERSION = YES;
				GCC_WARN_ABOUT_RETURN_TYPE = YES_ERROR;
				GCC_WARN_UNDECLARED_SELECTOR = YES;
				GCC_WARN_UNINITIALIZED_AUTOS = YES_AGGRESSIVE;
				GCC_WARN_UNUSED_FUNCTION = YES;
				GCC_WARN_UNUSED_VARIABLE = YES;
				IPHONEOS_DEPLOYMENT_TARGET = 8.3;
				MTL_ENABLE_DEBUG_INFO = YES;
				ONLY_ACTIVE_ARCH = YES;
				SDKROOT = iphoneos;
				TARGETED_DEVICE_FAMILY = "1,2";
			};
			name = Debug;
		};
		17C8B2C51ADFADC1008A6EEA /* Release */ = {
			isa = XCBuildConfiguration;
			buildSettings = {
				ALWAYS_SEARCH_USER_PATHS = NO;
				CLANG_CXX_LANGUAGE_STANDARD = "gnu++0x";
				CLANG_CXX_LIBRARY = "libc++";
				CLANG_ENABLE_MODULES = YES;
				CLANG_ENABLE_OBJC_ARC = YES;
				CLANG_WARN_BOOL_CONVERSION = YES;
				CLANG_WARN_CONSTANT_CONVERSION = YES;
				CLANG_WARN_DIRECT_OBJC_ISA_USAGE = YES_ERROR;
				CLANG_WARN_EMPTY_BODY = YES;
				CLANG_WARN_ENUM_CONVERSION = YES;
				CLANG_WARN_INT_CONVERSION = YES;
				CLANG_WARN_OBJC_ROOT_CLASS = YES_ERROR;
				CLANG_WARN_UNREACHABLE_CODE = YES;
				CLANG_WARN__DUPLICATE_METHOD_MATCH = YES;
				"CODE_SIGN_IDENTITY[sdk=iphoneos*]" = "iPhone Developer";
				COPY_PHASE_STRIP = NO;
				DEBUG_INFORMATION_FORMAT = "dwarf-with-dsym";
				ENABLE_NS_ASSERTIONS = NO;
				ENABLE_STRICT_OBJC_MSGSEND = YES;
				GCC_C_LANGUAGE_STANDARD = gnu99;
				GCC_NO_COMMON_BLOCKS = YES;
				GCC_WARN_64_TO_32_BIT_CONVERSION = YES;
				GCC_WARN_ABOUT_RETURN_TYPE = YES_ERROR;
				GCC_WARN_UNDECLARED_SELECTOR = YES;
				GCC_WARN_UNINITIALIZED_AUTOS = YES_AGGRESSIVE;
				GCC_WARN_UNUSED_FUNCTION = YES;
				GCC_WARN_UNUSED_VARIABLE = YES;
				IPHONEOS_DEPLOYMENT_TARGET = 8.3;
				MTL_ENABLE_DEBUG_INFO = NO;
				SDKROOT = iphoneos;
				TARGETED_DEVICE_FAMILY = "1,2";
				VALIDATE_PRODUCT = YES;
			};
			name = Release;
		};
		17C8B2C71ADFADC1008A6EEA /* Debug */ = {
			isa = XCBuildConfiguration;
			baseConfigurationReference = 5B089EBE566ECA27685F0547 /* Pods.debug.xcconfig */;
			buildSettings = {
				ASSETCATALOG_COMPILER_APPICON_NAME = AppIcon;
				ASSETCATALOG_COMPILER_LAUNCHIMAGE_NAME = LaunchImage;
				CODE_SIGN_IDENTITY = "iPhone Developer";
				FRAMEWORK_SEARCH_PATHS = (
					"$(inherited)",
					"$(PROJECT_DIR)/test",
				);
				INFOPLIST_FILE = test/Info.plist;
				LD_RUNPATH_SEARCH_PATHS = "$(inherited) @executable_path/Frameworks";
				ONLY_ACTIVE_ARCH = NO;
				PRODUCT_NAME = "$(TARGET_NAME)";
				PROVISIONING_PROFILE = "97bff230-a239-4ea4-a341-3dec2eb18cb5";
				VALID_ARCHS = "armv7 armv7s arm64";
			};
			name = Debug;
		};
		17C8B2C81ADFADC1008A6EEA /* Release */ = {
			isa = XCBuildConfiguration;
			baseConfigurationReference = D65AC12CA915AAF501873946 /* Pods.release.xcconfig */;
			buildSettings = {
				ASSETCATALOG_COMPILER_APPICON_NAME = AppIcon;
				ASSETCATALOG_COMPILER_LAUNCHIMAGE_NAME = LaunchImage;
				CODE_SIGN_IDENTITY = "iPhone Developer";
				FRAMEWORK_SEARCH_PATHS = (
					"$(inherited)",
					"$(PROJECT_DIR)/test",
				);
				INFOPLIST_FILE = test/Info.plist;
				LD_RUNPATH_SEARCH_PATHS = "$(inherited) @executable_path/Frameworks";
				ONLY_ACTIVE_ARCH = NO;
				PRODUCT_NAME = "$(TARGET_NAME)";
				PROVISIONING_PROFILE = "97bff230-a239-4ea4-a341-3dec2eb18cb5";
				VALID_ARCHS = "armv7 armv7s arm64";
			};
			name = Release;
		};
		17C8B2CA1ADFADC1008A6EEA /* Debug */ = {
			isa = XCBuildConfiguration;
			buildSettings = {
				BUNDLE_LOADER = "$(TEST_HOST)";
				FRAMEWORK_SEARCH_PATHS = (
					"$(SDKROOT)/Developer/Library/Frameworks",
					"$(inherited)",
				);
				GCC_PREPROCESSOR_DEFINITIONS = (
					"DEBUG=1",
					"$(inherited)",
				);
				INFOPLIST_FILE = testTests/Info.plist;
				LD_RUNPATH_SEARCH_PATHS = "$(inherited) @executable_path/Frameworks @loader_path/Frameworks";
				PRODUCT_NAME = "$(TARGET_NAME)";
				TEST_HOST = "$(BUILT_PRODUCTS_DIR)/test.app/test";
			};
			name = Debug;
		};
		17C8B2CB1ADFADC1008A6EEA /* Release */ = {
			isa = XCBuildConfiguration;
			buildSettings = {
				BUNDLE_LOADER = "$(TEST_HOST)";
				FRAMEWORK_SEARCH_PATHS = (
					"$(SDKROOT)/Developer/Library/Frameworks",
					"$(inherited)",
				);
				INFOPLIST_FILE = testTests/Info.plist;
				LD_RUNPATH_SEARCH_PATHS = "$(inherited) @executable_path/Frameworks @loader_path/Frameworks";
				PRODUCT_NAME = "$(TARGET_NAME)";
				TEST_HOST = "$(BUILT_PRODUCTS_DIR)/test.app/test";
			};
			name = Release;
		};
/* End XCBuildConfiguration section */

/* Begin XCConfigurationList section */
		17C8B29E1ADFADC1008A6EEA /* Build configuration list for PBXProject "test" */ = {
			isa = XCConfigurationList;
			buildConfigurations = (
				17C8B2C41ADFADC1008A6EEA /* Debug */,
				17C8B2C51ADFADC1008A6EEA /* Release */,
			);
			defaultConfigurationIsVisible = 0;
			defaultConfigurationName = Release;
		};
		17C8B2C61ADFADC1008A6EEA /* Build configuration list for PBXNativeTarget "test" */ = {
			isa = XCConfigurationList;
			buildConfigurations = (
				17C8B2C71ADFADC1008A6EEA /* Debug */,
				17C8B2C81ADFADC1008A6EEA /* Release */,
			);
			defaultConfigurationIsVisible = 0;
			defaultConfigurationName = Release;
		};
		17C8B2C91ADFADC1008A6EEA /* Build configuration list for PBXNativeTarget "testTests" */ = {
			isa = XCConfigurationList;
			buildConfigurations = (
				17C8B2CA1ADFADC1008A6EEA /* Debug */,
				17C8B2CB1ADFADC1008A6EEA /* Release */,
			);
			defaultConfigurationIsVisible = 0;
			defaultConfigurationName = Release;
		};
/* End XCConfigurationList section */
	};
	rootObject = 17C8B29B1ADFADC1008A6EEA /* Project object */;
}
